
Microsoft Visual Studio Solution File, Format Version 12.00
# Visual Studio Version 17
VisualStudioVersion = 17.14.37301.10 d17.14
MinimumVisualStudioVersion = 10.0.40219.1
Project("{FAE04EC0-301F-11D3-BF4B-00C04F79EFBC}") = "GymManagementSystem.PL", "GymManagementSystem.PL\GymManagementSystem.PL.csproj", "{AD3F52ED-18B6-4CCA-84A2-1112ADA7FC15}"
EndProject
Project("{FAE04EC0-301F-11D3-BF4B-00C04F79EFBC}") = "GymManagementSystem.BLL", "GymManagementSystem.BLL\GymManagementSystem.BLL.csproj", "{43EBFB4C-E64E-4CE9-A295-4CA46364ACBE}"
EndProject
Project("{FAE04EC0-301F-11D3-BF4B-00C04F79EFBC}") = "GymManagementSystem.DAL", "GymManagementSystem.DAL\GymManagementSystem.DAL.csproj", "{5ACA99C0-3BDB-49CF-9540-2C12C1ED8CC2}"
EndProject
Global
	GlobalSection(SolutionConfigurationPlatforms) = preSolution
		Debug|Any CPU = Debug|Any CPU
		Release|Any CPU = Release|Any CPU
	EndGlobalSection
	GlobalSection(ProjectConfigurationPlatforms) = postSolution
		{AD3F52ED-18B6-4CCA-84A2-1112ADA7FC15}.Debug|Any CPU.ActiveCfg = Debug|Any CPU
		{AD3F52ED-18B6-4CCA-84A2-1112ADA7FC15}.Debug|Any CPU.Build.0 = Debug|Any CPU
		{AD3F52ED-18B6-4CCA-84A2-1112ADA7FC15}.Release|Any CPU.ActiveCfg = Release|Any CPU
		{AD3F52ED-18B6-4CCA-84A2-1112ADA7FC15}.Release|Any CPU.Build.0 = Release|Any CPU
		{43EBFB4C-E64E-4CE9-A295-4CA46364ACBE}.Debug|Any CPU.ActiveCfg = Debug|Any CPU
		{43EBFB4C-E64E-4CE9-A295-4CA46364ACBE}.Debug|Any CPU.Build.0 = Debug|Any CPU
		{43EBFB4C-E64E-4CE9-A295-4CA46364ACBE}.Release|Any CPU.ActiveCfg = Release|Any CPU
		{43EBFB4C-E64E-4CE9-A295-4CA46364ACBE}.Release|Any CPU.Build.0 = Release|Any CPU
		{5ACA99C0-3BDB-49CF-9540-2C12C1ED8CC2}.Debug|Any CPU.ActiveCfg = Debug|Any CPU
		{5ACA99C0-3BDB-49CF-9540-2C12C1ED8CC2}.Debug|Any CPU.Build.0 = Debug|Any CPU
		{5ACA99C0-3BDB-49CF-9540-2C12C1ED8CC2}.Release|Any CPU.ActiveCfg = Release|Any CPU
		{5ACA99C0-3BDB-49CF-9540-2C12C1ED8CC2}.Release|Any CPU.Build.0 = Release|Any CPU
	EndGlobalSection
	GlobalSection(SolutionProperties) = preSolution
		HideSolutionNode = FALSE
	EndGlobalSection
	GlobalSection(ExtensibilityGlobals) = postSolution
		SolutionGuid = {FC7C3B43-5659-4D2C-AA59-C314F7ED121C}
	EndGlobalSection
EndGlobal
